
Microsoft Visual Studio Solution File, Format Version 12.00
# Visual Studio 2013
VisualStudioVersion = 12.0.40629.0
MinimumVisualStudioVersion = 10.0.40219.1
Project("{FAE04EC0-301F-11D3-BF4B-00C04F79EFBC}") = "Vuuorka Asunto Kirjanpito", "Vuuorka Asunto Kirjanpito\Vuuorka Asunto Kirjanpito.csproj", "{123705C5-0E7B-4664-936C-BDCCBEEAD4AA}"
EndProject
Project("{FAE04EC0-301F-11D3-BF4B-00C04F79EFBC}") = "testing", "testing\testing.csproj", "{233D0143-E880-4CE0-A72F-407E061CBBBB}"
EndProject
Project("{FAE04EC0-301F-11D3-BF4B-00C04F79EFBC}") = "Login", "Login\Login.csproj", "{6138B40F-47D6-4C8A-8F76-DF3AD80B7E96}"
EndProject
Global
	GlobalSection(SolutionConfigurationPlatforms) = preSolution
		Debug|Any CPU = Debug|Any CPU
		Release|Any CPU = Release|Any CPU
	EndGlobalSection
	GlobalSection(ProjectConfigurationPlatforms) = postSolution
		{123705C5-0E7B-4664-936C-BDCCBEEAD4AA}.Debug|Any CPU.ActiveCfg = Debug|Any CPU
		{123705C5-0E7B-4664-936C-BDCCBEEAD4AA}.Debug|Any CPU.Build.0 = Debug|Any CPU
		{123705C5-0E7B-4664-936C-BDCCBEEAD4AA}.Release|Any CPU.ActiveCfg = Release|Any CPU
		{123705C5-0E7B-4664-936C-BDCCBEEAD4AA}.Release|Any CPU.Build.0 = Release|Any CPU
		{233D0143-E880-4CE0-A72F-407E061CBBBB}.Debug|Any CPU.ActiveCfg = Debug|Any CPU
		{233D0143-E880-4CE0-A72F-407E061CBBBB}.Debug|Any CPU.Build.0 = Debug|Any CPU
		{233D0143-E880-4CE0-A72F-407E061CBBBB}.Release|Any CPU.ActiveCfg = Release|Any CPU
		{233D0143-E880-4CE0-A72F-407E061CBBBB}.Release|Any CPU.Build.0 = Release|Any CPU
		{6138B40F-47D6-4C8A-8F76-DF3AD80B7E96}.Debug|Any CPU.ActiveCfg = Debug|Any CPU
		{6138B40F-47D6-4C8A-8F76-DF3AD80B7E96}.Debug|Any CPU.Build.0 = Debug|Any CPU
		{6138B40F-47D6-4C8A-8F76-DF3AD80B7E96}.Release|Any CPU.ActiveCfg = Release|Any CPU
		{6138B40F-47D6-4C8A-8F76-DF3AD80B7E96}.Release|Any CPU.Build.0 = Release|Any CPU
	EndGlobalSection
	GlobalSection(SolutionProperties) = preSolution
		HideSolutionNode = FALSE
	EndGlobalSection
EndGlobal
